<?xml version="1.0" encoding="utf-8"?>
<Project ToolsVersion="4.0" xmlns="http://schemas.microsoft.com/developer/msbuild/2003">
  <ItemGroup>
    <Filter Include="Source Files">
      <UniqueIdentifier>{4FC737F1-C7A5-4376-A066-2A32D752A2FF}</UniqueIdentifier>
      <Extensions>cpp;c;cc;cxx;def;odl;idl;hpj;bat;asm;asmx</Extensions>
    </Filter>
    <Filter Include="Header Files">
      <UniqueIdentifier>{93995380-89BD-4b04-88EB-625FBE52EBFB}</UniqueIdentifier>
      <Extensions>h;hh;hpp;hxx;hm;inl;inc;xsd</Extensions>
    </Filter>
    <Filter Include="Resource Files">
      <UniqueIdentifier>{67DA6AB6-F800-4c08-8B7A-83BB121AAD01}</UniqueIdentifier>
      <Extensions>rc;ico;cur;bmp;dlg;rc2;rct;bin;rgs;gif;jpg;jpeg;jpe;resx;tiff;tif;png;wav;mfcribbon-ms</Extensions>
    </Filter>
    <Filter Include="Resource Files\data">
      <UniqueIdentifier>{e63d2bf2-bbb1-4f20-bafd-599bb8b57609}</UniqueIdentifier>
    </Filter>
  </ItemGroup>
  <ItemGroup>
    <Text Include="ReadMe.txt" />
  </ItemGroup>
  <ItemGroup>
    <ClInclude Include="stdafx.h">
      <Filter>Header Files</Filter>
    </ClInclude>
    <ClInclude Include="SDL_setup.h">
      <Filter>Header Files</Filter>
    </ClInclude>
    <ClInclude Include="sprites.h">
      <Filter>Header Files</Filter>
    </ClInclude>
    <ClInclude Include="Player.h">
      <Filter>Header Files</Filter>
    </ClInclude>
    <ClInclude Include="Game.h">
      <Filter>Header Files</Filter>
    </ClInclude>
    <ClInclude Include="Block.h">
      <Filter>Header Files</Filter>
    </ClInclude>
    <ClInclude Include="Events.h">
      <Filter>Header Files</Filter>
    </ClInclude>
    <ClInclude Include="Score.h">
      <Filter>Header Files</Filter>
    </ClInclude>
    <ClInclude Include="Text.h">
      <Filter>Header Files</Filter>
    </ClInclude>
    <ClInclude Include="Mouse.h">
      <Filter>Header Files</Filter>
    </ClInclude>
    <ClInclude Include="Data.h">
      <Filter>Header Files</Filter>
    </ClInclude>
    <ClInclude Include="Meteors.h">
      <Filter>Header Files</Filter>
    </ClInclude>
    <ClInclude Include="Music.h">
      <Filter>Header Files</Filter>
    </ClInclude>
    <ClInclude Include="Health.h">
      <Filter>Header Files</Filter>
    </ClInclude>
    <ClInclude Include="Collision.h">
      <Filter>Header Files</Filter>
    </ClInclude>
    <ClInclude Include="Floors.h">
      <Filter>Header Files</Filter>
    </ClInclude>
    <ClInclude Include="Stars.h">
      <Filter>Header Files</Filter>
    </ClInclude>
    <ClInclude Include="Missle.h">
      <Filter>Header Files</Filter>
    </ClInclude>
    <ClInclude Include="Laser.h">
      <Filter>Header Files</Filter>
    </ClInclude>
    <ClInclude Include="Enemies.h">
      <Filter>Header Files</Filter>
    </ClInclude>
    <ClInclude Include="HellBoy.h">
      <Filter>Header Files</Filter>
    </ClInclude>
    <ClInclude Include="Bomb.h">
      <Filter>Header Files</Filter>
    </ClInclude>
    <ClInclude Include="PlayerInfo.h">
      <Filter>Header Files</Filter>
    </ClInclude>
    <ClInclude Include="Tacano.h">
      <Filter>Header Files</Filter>
    </ClInclude>
    <ClInclude Include="Mountain.h">
      <Filter>Header Files</Filter>
    </ClInclude>
    <ClInclude Include="HighCloud.h">
      <Filter>Header Files</Filter>
    </ClInclude>
    <ClInclude Include="FatBoy.h">
      <Filter>Header Files</Filter>
    </ClInclude>
  </ItemGroup>
  <ItemGroup>
    <ClCompile Include="SDL_setup.cpp">
      <Filter>Source Files</Filter>
    </ClCompile>
    <ClCompile Include="sprites.cpp">
      <Filter>Source Files</Filter>
    </ClCompile>
    <ClCompile Include="RainbowMountain.cpp">
      <Filter>Source Files</Filter>
    </ClCompile>
    <ClCompile Include="Player.cpp">
      <Filter>Source Files</Filter>
    </ClCompile>
    <ClCompile Include="Game.cpp">
      <Filter>Source Files</Filter>
    </ClCompile>
    <ClCompile Include="Block.cpp">
      <Filter>Source Files</Filter>
    </ClCompile>
    <ClCompile Include="Events.cpp">
      <Filter>Source Files</Filter>
    </ClCompile>
    <ClCompile Include="Score.cpp">
      <Filter>Source Files</Filter>
    </ClCompile>
    <ClCompile Include="Text.cpp">
      <Filter>Source Files</Filter>
    </ClCompile>
    <ClCompile Include="Mouse.cpp">
      <Filter>Source Files</Filter>
    </ClCompile>
    <ClCompile Include="Data.cpp">
      <Filter>Source Files</Filter>
    </ClCompile>
    <ClCompile Include="Meteors.cpp">
      <Filter>Source Files</Filter>
    </ClCompile>
    <ClCompile Include="Music.cpp">
      <Filter>Source Files</Filter>
    </ClCompile>
    <ClCompile Include="Health.cpp">
      <Filter>Source Files</Filter>
    </ClCompile>
    <ClCompile Include="Collision.cpp">
      <Filter>Source Files</Filter>
    </ClCompile>
    <ClCompile Include="Floors.cpp">
      <Filter>Source Files</Filter>
    </ClCompile>
    <ClCompile Include="Stars.cpp">
      <Filter>Source Files</Filter>
    </ClCompile>
    <ClCompile Include="Missle.cpp">
      <Filter>Source Files</Filter>
    </ClCompile>
    <ClCompile Include="Laser.cpp">
      <Filter>Source Files</Filter>
    </ClCompile>
    <ClCompile Include="Enemies.cpp">
      <Filter>Source Files</Filter>
    </ClCompile>
    <ClCompile Include="HellBoy.cpp">
      <Filter>Source Files</Filter>
    </ClCompile>
    <ClCompile Include="Bomb.cpp">
      <Filter>Source Files</Filter>
    </ClCompile>
    <ClCompile Include="PlayerInfo.cpp">
      <Filter>Source Files</Filter>
    </ClCompile>
    <ClCompile Include="Tacano.cpp">
      <Filter>Source Files</Filter>
    </ClCompile>
    <ClCompile Include="Mountain.cpp">
      <Filter>Source Files</Filter>
    </ClCompile>
    <ClCompile Include="HighCloud.cpp">
      <Filter>Source Files</Filter>
    </ClCompile>
    <ClCompile Include="FatBoy.cpp">
      <Filter>Source Files</Filter>
    </ClCompile>
  </ItemGroup>
</Project>